
Microsoft Visual Studio Solution File, Format Version 12.00
# Visual Studio Version 17
VisualStudioVersion = 17.6.33723.286
MinimumVisualStudioVersion = 10.0.40219.1
Project("{FAE04EC0-301F-11D3-BF4B-00C04F79EFBC}") = "UPDATE LIMT API", "UPDATE LIMT API.csproj", "{81A6875D-45FE-4E1F-A0DA-C573C34581A5}"
EndProject
Global
	GlobalSection(SolutionConfigurationPlatforms) = preSolution
		Debug|Any CPU = Debug|Any CPU
		Release|Any CPU = Release|Any CPU
	EndGlobalSection
	GlobalSection(ProjectConfigurationPlatforms) = postSolution
		{81A6875D-45FE-4E1F-A0DA-C573C34581A5}.Debug|Any CPU.ActiveCfg = Debug|Any CPU
		{81A6875D-45FE-4E1F-A0DA-C573C34581A5}.Debug|Any CPU.Build.0 = Debug|Any CPU
		{81A6875D-45FE-4E1F-A0DA-C573C34581A5}.Release|Any CPU.ActiveCfg = Release|Any CPU
		{81A6875D-45FE-4E1F-A0DA-C573C34581A5}.Release|Any CPU.Build.0 = Release|Any CPU
	EndGlobalSection
	GlobalSection(SolutionProperties) = preSolution
		HideSolutionNode = FALSE
	EndGlobalSection
	GlobalSection(ExtensibilityGlobals) = postSolution
		SolutionGuid = {9192F4E2-6CE1-4C03-9113-97660500626E}
	EndGlobalSection
EndGlobal
